
Microsoft Visual Studio Solution File, Format Version 12.00
Project("{FAE04EC0-301F-11D3-BF4B-00C04F79EFBC}") = "TweetBook", "TweetBook\TweetBook.csproj", "{B89683E4-7977-43DE-92BA-05C5B5BD7A91}"
EndProject
Global
	GlobalSection(SolutionConfigurationPlatforms) = preSolution
		Debug|Any CPU = Debug|Any CPU
		Release|Any CPU = Release|Any CPU
	EndGlobalSection
	GlobalSection(ProjectConfigurationPlatforms) = postSolution
		{B89683E4-7977-43DE-92BA-05C5B5BD7A91}.Debug|Any CPU.ActiveCfg = Debug|Any CPU
		{B89683E4-7977-43DE-92BA-05C5B5BD7A91}.Debug|Any CPU.Build.0 = Debug|Any CPU
		{B89683E4-7977-43DE-92BA-05C5B5BD7A91}.Release|Any CPU.ActiveCfg = Release|Any CPU
		{B89683E4-7977-43DE-92BA-05C5B5BD7A91}.Release|Any CPU.Build.0 = Release|Any CPU
	EndGlobalSection
EndGlobal
